// !$*UTF8*$!
{
	archiveVersion = 1;
	classes = {
	};
	objectVersion = 56;
	objects = {

/* Begin PBXBuildFile section */
		500760BF2A080AD700C0996F /* UIColor+Extension.swift in Sources */ = {isa = PBXBuildFile; fileRef = 500760BE2A080AD700C0996F /* UIColor+Extension.swift */; };
		500760C32A08C02D00C0996F /* NetworkManager.swift in Sources */ = {isa = PBXBuildFile; fileRef = 500760C22A08C02D00C0996F /* NetworkManager.swift */; };
		500760C52A08C03200C0996F /* HTTPMethod.swift in Sources */ = {isa = PBXBuildFile; fileRef = 500760C42A08C03200C0996F /* HTTPMethod.swift */; };
		500760C72A08C03A00C0996F /* NetworkError.swift in Sources */ = {isa = PBXBuildFile; fileRef = 500760C62A08C03A00C0996F /* NetworkError.swift */; };
		500760C92A08C04100C0996F /* NetworkService.swift in Sources */ = {isa = PBXBuildFile; fileRef = 500760C82A08C04100C0996F /* NetworkService.swift */; };
		5054D5332A04AE0000D41BFC /* Recreation_centerApp.swift in Sources */ = {isa = PBXBuildFile; fileRef = 5054D5322A04AE0000D41BFC /* Recreation_centerApp.swift */; };
		5054D5352A04AE0000D41BFC /* MainScreenView.swift in Sources */ = {isa = PBXBuildFile; fileRef = 5054D5342A04AE0000D41BFC /* MainScreenView.swift */; };
		5054D5372A04AE0100D41BFC /* Assets.xcassets in Resources */ = {isa = PBXBuildFile; fileRef = 5054D5362A04AE0100D41BFC /* Assets.xcassets */; };
		5054D53A2A04AE0100D41BFC /* Preview Assets.xcassets in Resources */ = {isa = PBXBuildFile; fileRef = 5054D5392A04AE0100D41BFC /* Preview Assets.xcassets */; };
		5054D55C2A04B6E000D41BFC /* ContentSizeCategory+Extension.swift in Sources */ = {isa = PBXBuildFile; fileRef = 5054D55B2A04B6E000D41BFC /* ContentSizeCategory+Extension.swift */; };
		5054D55E2A04B71700D41BFC /* R.swift in Sources */ = {isa = PBXBuildFile; fileRef = 5054D55D2A04B71700D41BFC /* R.swift */; };
		5054D5632A04BE0A00D41BFC /* DetailView.swift in Sources */ = {isa = PBXBuildFile; fileRef = 5054D5622A04BE0A00D41BFC /* DetailView.swift */; };
		5054D5652A04C01300D41BFC /* View+Extension.swift in Sources */ = {isa = PBXBuildFile; fileRef = 5054D5642A04C01300D41BFC /* View+Extension.swift */; };
		5054D5692A04CAF900D41BFC /* MainViewModel.swift in Sources */ = {isa = PBXBuildFile; fileRef = 5054D5682A04CAF900D41BFC /* MainViewModel.swift */; };
		50A53B3F2A04DC6C002EC0B0 /* NetworkModel.swift in Sources */ = {isa = PBXBuildFile; fileRef = 50A53B3E2A04DC6C002EC0B0 /* NetworkModel.swift */; };
		50A53B492A04F19A002EC0B0 /* DetailViewModel.swift in Sources */ = {isa = PBXBuildFile; fileRef = 50A53B482A04F19A002EC0B0 /* DetailViewModel.swift */; };
/* End PBXBuildFile section */

/* Begin PBXFileReference section */
		500760BE2A080AD700C0996F /* UIColor+Extension.swift */ = {isa = PBXFileReference; lastKnownFileType = sourcecode.swift; path = "UIColor+Extension.swift"; sourceTree = "<group>"; };
		500760C22A08C02D00C0996F /* NetworkManager.swift */ = {isa = PBXFileReference; fileEncoding = 4; lastKnownFileType = sourcecode.swift; path = NetworkManager.swift; sourceTree = "<group>"; };
		500760C42A08C03200C0996F /* HTTPMethod.swift */ = {isa = PBXFileReference; fileEncoding = 4; lastKnownFileType = sourcecode.swift; path = HTTPMethod.swift; sourceTree = "<group>"; };
		500760C62A08C03A00C0996F /* NetworkError.swift */ = {isa = PBXFileReference; fileEncoding = 4; lastKnownFileType = sourcecode.swift; path = NetworkError.swift; sourceTree = "<group>"; };
		500760C82A08C04100C0996F /* NetworkService.swift */ = {isa = PBXFileReference; fileEncoding = 4; lastKnownFileType = sourcecode.swift; path = NetworkService.swift; sourceTree = "<group>"; };
		5054D52F2A04AE0000D41BFC /* Recreation center.app */ = {isa = PBXFileReference; explicitFileType = wrapper.application; includeInIndex = 0; path = "Recreation center.app"; sourceTree = BUILT_PRODUCTS_DIR; };
		5054D5322A04AE0000D41BFC /* Recreation_centerApp.swift */ = {isa = PBXFileReference; lastKnownFileType = sourcecode.swift; path = Recreation_centerApp.swift; sourceTree = "<group>"; };
		5054D5342A04AE0000D41BFC /* MainScreenView.swift */ = {isa = PBXFileReference; lastKnownFileType = sourcecode.swift; path = MainScreenView.swift; sourceTree = "<group>"; };
		5054D5362A04AE0100D41BFC /* Assets.xcassets */ = {isa = PBXFileReference; lastKnownFileType = folder.assetcatalog; path = Assets.xcassets; sourceTree = "<group>"; };
		5054D5392A04AE0100D41BFC /* Preview Assets.xcassets */ = {isa = PBXFileReference; lastKnownFileType = folder.assetcatalog; path = "Preview Assets.xcassets"; sourceTree = "<group>"; };
		5054D55B2A04B6E000D41BFC /* ContentSizeCategory+Extension.swift */ = {isa = PBXFileReference; lastKnownFileType = sourcecode.swift; path = "ContentSizeCategory+Extension.swift"; sourceTree = "<group>"; };
		5054D55D2A04B71700D41BFC /* R.swift */ = {isa = PBXFileReference; lastKnownFileType = sourcecode.swift; path = R.swift; sourceTree = "<group>"; };
		5054D5602A04B74300D41BFC /* FontsFree-Net-SFProDisplay-Medium.ttf */ = {isa = PBXFileReference; lastKnownFileType = file; path = "FontsFree-Net-SFProDisplay-Medium.ttf"; sourceTree = "<group>"; };
		5054D5612A04B77000D41BFC /* Recreation-center-Info.plist */ = {isa = PBXFileReference; lastKnownFileType = text.plist; path = "Recreation-center-Info.plist"; sourceTree = SOURCE_ROOT; };
		5054D5622A04BE0A00D41BFC /* DetailView.swift */ = {isa = PBXFileReference; lastKnownFileType = sourcecode.swift; path = DetailView.swift; sourceTree = "<group>"; };
		5054D5642A04C01300D41BFC /* View+Extension.swift */ = {isa = PBXFileReference; lastKnownFileType = sourcecode.swift; path = "View+Extension.swift"; sourceTree = "<group>"; };
		5054D5682A04CAF900D41BFC /* MainViewModel.swift */ = {isa = PBXFileReference; lastKnownFileType = sourcecode.swift; path = MainViewModel.swift; sourceTree = "<group>"; };
		50A53B3E2A04DC6C002EC0B0 /* NetworkModel.swift */ = {isa = PBXFileReference; lastKnownFileType = sourcecode.swift; path = NetworkModel.swift; sourceTree = "<group>"; };
		50A53B482A04F19A002EC0B0 /* DetailViewModel.swift */ = {isa = PBXFileReference; lastKnownFileType = sourcecode.swift; path = DetailViewModel.swift; sourceTree = "<group>"; };
/* End PBXFileReference section */

/* Begin PBXFrameworksBuildPhase section */
		5054D52C2A04AE0000D41BFC /* Frameworks */ = {
			isa = PBXFrameworksBuildPhase;
			buildActionMask = 2147483647;
			files = (
			);
			runOnlyForDeploymentPostprocessing = 0;
		};
/* End PBXFrameworksBuildPhase section */

/* Begin PBXGroup section */
		5054D5262A04AE0000D41BFC = {
			isa = PBXGroup;
			children = (
				5054D5312A04AE0000D41BFC /* Recreation center */,
				5054D5302A04AE0000D41BFC /* Products */,
			);
			sourceTree = "<group>";
		};
		5054D5302A04AE0000D41BFC /* Products */ = {
			isa = PBXGroup;
			children = (
				5054D52F2A04AE0000D41BFC /* Recreation center.app */,
			);
			name = Products;
			sourceTree = "<group>";
		};
		5054D5312A04AE0000D41BFC /* Recreation center */ = {
			isa = PBXGroup;
			children = (
				5054D5612A04B77000D41BFC /* Recreation-center-Info.plist */,
				5054D5552A04B63600D41BFC /* App */,
				50A53B3D2A04DC50002EC0B0 /* NetworkService */,
				5054D5562A04B64400D41BFC /* Modules */,
				5054D55A2A04B68D00D41BFC /* Extensions */,
				5054D5592A04B68300D41BFC /* Resources */,
				5054D5382A04AE0100D41BFC /* Preview Content */,
			);
			path = "Recreation center";
			sourceTree = "<group>";
		};
		5054D5382A04AE0100D41BFC /* Preview Content */ = {
			isa = PBXGroup;
			children = (
				5054D5392A04AE0100D41BFC /* Preview Assets.xcassets */,
			);
			path = "Preview Content";
			sourceTree = "<group>";
		};
		5054D5552A04B63600D41BFC /* App */ = {
			isa = PBXGroup;
			children = (
				5054D5322A04AE0000D41BFC /* Recreation_centerApp.swift */,
			);
			path = App;
			sourceTree = "<group>";
		};
		5054D5562A04B64400D41BFC /* Modules */ = {
			isa = PBXGroup;
			children = (
				5054D5572A04B65700D41BFC /* MainScreen */,
				5054D5582A04B66300D41BFC /* DetailScreen */,
			);
			path = Modules;
			sourceTree = "<group>";
		};
		5054D5572A04B65700D41BFC /* MainScreen */ = {
			isa = PBXGroup;
			children = (
				5054D5342A04AE0000D41BFC /* MainScreenView.swift */,
				5054D5682A04CAF900D41BFC /* MainViewModel.swift */,
			);
			path = MainScreen;
			sourceTree = "<group>";
		};
		5054D5582A04B66300D41BFC /* DetailScreen */ = {
			isa = PBXGroup;
			children = (
				5054D5622A04BE0A00D41BFC /* DetailView.swift */,
				50A53B482A04F19A002EC0B0 /* DetailViewModel.swift */,
			);
			path = DetailScreen;
			sourceTree = "<group>";
		};
		5054D5592A04B68300D41BFC /* Resources */ = {
			isa = PBXGroup;
			children = (
				5054D55F2A04B73100D41BFC /* Fonts */,
				5054D5362A04AE0100D41BFC /* Assets.xcassets */,
				5054D55D2A04B71700D41BFC /* R.swift */,
			);
			path = Resources;
			sourceTree = "<group>";
		};
		5054D55A2A04B68D00D41BFC /* Extensions */ = {
			isa = PBXGroup;
			children = (
				5054D55B2A04B6E000D41BFC /* ContentSizeCategory+Extension.swift */,
				500760BE2A080AD700C0996F /* UIColor+Extension.swift */,
				5054D5642A04C01300D41BFC /* View+Extension.swift */,
			);
			path = Extensions;
			sourceTree = "<group>";
		};
		5054D55F2A04B73100D41BFC /* Fonts */ = {
			isa = PBXGroup;
			children = (
				5054D5602A04B74300D41BFC /* FontsFree-Net-SFProDisplay-Medium.ttf */,
			);
			path = Fonts;
			sourceTree = "<group>";
		};
		50A53B3D2A04DC50002EC0B0 /* NetworkService */ = {
			isa = PBXGroup;
			children = (
				50A53B3E2A04DC6C002EC0B0 /* NetworkModel.swift */,
				500760C22A08C02D00C0996F /* NetworkManager.swift */,
				500760C42A08C03200C0996F /* HTTPMethod.swift */,
				500760C62A08C03A00C0996F /* NetworkError.swift */,
				500760C82A08C04100C0996F /* NetworkService.swift */,
			);
			path = NetworkService;
			sourceTree = "<group>";
		};
/* End PBXGroup section */

/* Begin PBXNativeTarget section */
		5054D52E2A04AE0000D41BFC /* Recreation center */ = {
			isa = PBXNativeTarget;
			buildConfigurationList = 5054D53D2A04AE0100D41BFC /* Build configuration list for PBXNativeTarget "Recreation center" */;
			buildPhases = (
				5054D52B2A04AE0000D41BFC /* Sources */,
				5054D52C2A04AE0000D41BFC /* Frameworks */,
				5054D52D2A04AE0000D41BFC /* Resources */,
				5054D5402A04AEE900D41BFC /* SwiftLint */,
			);
			buildRules = (
			);
			dependencies = (
			);
			name = "Recreation center";
			productName = "Recreation center";
			productReference = 5054D52F2A04AE0000D41BFC /* Recreation center.app */;
			productType = "com.apple.product-type.application";
		};
/* End PBXNativeTarget section */

/* Begin PBXProject section */
		5054D5272A04AE0000D41BFC /* Project object */ = {
			isa = PBXProject;
			attributes = {
				BuildIndependentTargetsInParallel = 1;
				LastSwiftUpdateCheck = 1430;
				LastUpgradeCheck = 1430;
				TargetAttributes = {
					5054D52E2A04AE0000D41BFC = {
						CreatedOnToolsVersion = 14.3;
					};
				};
			};
			buildConfigurationList = 5054D52A2A04AE0000D41BFC /* Build configuration list for PBXProject "Recreation center" */;
			compatibilityVersion = "Xcode 14.0";
			developmentRegion = en;
			hasScannedForEncodings = 0;
			knownRegions = (
				en,
				Base,
			);
			mainGroup = 5054D5262A04AE0000D41BFC;
			productRefGroup = 5054D5302A04AE0000D41BFC /* Products */;
			projectDirPath = "";
			projectRoot = "";
			targets = (
				5054D52E2A04AE0000D41BFC /* Recreation center */,
			);
		};
/* End PBXProject section */

/* Begin PBXResourcesBuildPhase section */
		5054D52D2A04AE0000D41BFC /* Resources */ = {
			isa = PBXResourcesBuildPhase;
			buildActionMask = 2147483647;
			files = (
				5054D53A2A04AE0100D41BFC /* Preview Assets.xcassets in Resources */,
				5054D5372A04AE0100D41BFC /* Assets.xcassets in Resources */,
			);
			runOnlyForDeploymentPostprocessing = 0;
		};
/* End PBXResourcesBuildPhase section */

/* Begin PBXShellScriptBuildPhase section */
		5054D5402A04AEE900D41BFC /* SwiftLint */ = {
			isa = PBXShellScriptBuildPhase;
			buildActionMask = 2147483647;
			files = (
			);
			inputFileListPaths = (
			);
			inputPaths = (
			);
			name = SwiftLint;
			outputFileListPaths = (
			);
			outputPaths = (
			);
			runOnlyForDeploymentPostprocessing = 0;
			shellPath = /bin/sh;
			shellScript = "export PATH=\"$PATH:/opt/homebrew/bin\"\nif which swiftlint > /dev/null; then\n  swiftlint && swiftlint --fix\nelse\n  echo \"warning: SwiftLint not installed, download from https://github.com/realm/SwiftLint\"\nfi\n";
		};
/* End PBXShellScriptBuildPhase section */

/* Begin PBXSourcesBuildPhase section */
		5054D52B2A04AE0000D41BFC /* Sources */ = {
			isa = PBXSourcesBuildPhase;
			buildActionMask = 2147483647;
			files = (
				5054D5632A04BE0A00D41BFC /* DetailView.swift in Sources */,
				5054D5652A04C01300D41BFC /* View+Extension.swift in Sources */,
				5054D55E2A04B71700D41BFC /* R.swift in Sources */,
				5054D5352A04AE0000D41BFC /* MainScreenView.swift in Sources */,
				500760C32A08C02D00C0996F /* NetworkManager.swift in Sources */,
				5054D55C2A04B6E000D41BFC /* ContentSizeCategory+Extension.swift in Sources */,
				500760BF2A080AD700C0996F /* UIColor+Extension.swift in Sources */,
				5054D5332A04AE0000D41BFC /* Recreation_centerApp.swift in Sources */,
				500760C52A08C03200C0996F /* HTTPMethod.swift in Sources */,
				50A53B492A04F19A002EC0B0 /* DetailViewModel.swift in Sources */,
				500760C92A08C04100C0996F /* NetworkService.swift in Sources */,
				500760C72A08C03A00C0996F /* NetworkError.swift in Sources */,
				50A53B3F2A04DC6C002EC0B0 /* NetworkModel.swift in Sources */,
				5054D5692A04CAF900D41BFC /* MainViewModel.swift in Sources */,
			);
			runOnlyForDeploymentPostprocessing = 0;
		};
/* End PBXSourcesBuildPhase section */

/* Begin XCBuildConfiguration section */
		5054D53B2A04AE0100D41BFC /* Debug */ = {
			isa = XCBuildConfiguration;
			buildSettings = {
				ALWAYS_SEARCH_USER_PATHS = NO;
				CLANG_ANALYZER_NONNULL = YES;
				CLANG_ANALYZER_NUMBER_OBJECT_CONVERSION = YES_AGGRESSIVE;
				CLANG_CXX_LANGUAGE_STANDARD = "gnu++20";
				CLANG_ENABLE_MODULES = YES;
				CLANG_ENABLE_OBJC_ARC = YES;
				CLANG_ENABLE_OBJC_WEAK = YES;
				CLANG_WARN_BLOCK_CAPTURE_AUTORELEASING = YES;
				CLANG_WARN_BOOL_CONVERSION = YES;
				CLANG_WARN_COMMA = YES;
				CLANG_WARN_CONSTANT_CONVERSION = YES;
				CLANG_WARN_DEPRECATED_OBJC_IMPLEMENTATIONS = YES;
				CLANG_WARN_DIRECT_OBJC_ISA_USAGE = YES_ERROR;
				CLANG_WARN_DOCUMENTATION_COMMENTS = YES;
				CLANG_WARN_EMPTY_BODY = YES;
				CLANG_WARN_ENUM_CONVERSION = YES;
				CLANG_WARN_INFINITE_RECURSION = YES;
				CLANG_WARN_INT_CONVERSION = YES;
				CLANG_WARN_NON_LITERAL_NULL_CONVERSION = YES;
				CLANG_WARN_OBJC_IMPLICIT_RETAIN_SELF = YES;
				CLANG_WARN_OBJC_LITERAL_CONVERSION = YES;
				CLANG_WARN_OBJC_ROOT_CLASS = YES_ERROR;
				CLANG_WARN_QUOTED_INCLUDE_IN_FRAMEWORK_HEADER = YES;
				CLANG_WARN_RANGE_LOOP_ANALYSIS = YES;
				CLANG_WARN_STRICT_PROTOTYPES = YES;
				CLANG_WARN_SUSPICIOUS_MOVE = YES;
				CLANG_WARN_UNGUARDED_AVAILABILITY = YES_AGGRESSIVE;
				CLANG_WARN_UNREACHABLE_CODE = YES;
				CLANG_WARN__DUPLICATE_METHOD_MATCH = YES;
				COPY_PHASE_STRIP = NO;
				DEBUG_INFORMATION_FORMAT = dwarf;
				ENABLE_STRICT_OBJC_MSGSEND = YES;
				ENABLE_TESTABILITY = YES;
				GCC_C_LANGUAGE_STANDARD = gnu11;
				GCC_DYNAMIC_NO_PIC = NO;
				GCC_NO_COMMON_BLOCKS = YES;
				GCC_OPTIMIZATION_LEVEL = 0;
				GCC_PREPROCESSOR_DEFINITIONS = (
					"DEBUG=1",
					"$(inherited)",
				);
				GCC_WARN_64_TO_32_BIT_CONVERSION = YES;
				GCC_WARN_ABOUT_RETURN_TYPE = YES_ERROR;
				GCC_WARN_UNDECLARED_SELECTOR = YES;
				GCC_WARN_UNINITIALIZED_AUTOS = YES_AGGRESSIVE;
				GCC_WARN_UNUSED_FUNCTION = YES;
				GCC_WARN_UNUSED_VARIABLE = YES;
				IPHONEOS_DEPLOYMENT_TARGET = 16.4;
				MTL_ENABLE_DEBUG_INFO = INCLUDE_SOURCE;
				MTL_FAST_MATH = YES;
				ONLY_ACTIVE_ARCH = YES;
				SDKROOT = iphoneos;
				SWIFT_ACTIVE_COMPILATION_CONDITIONS = DEBUG;
				SWIFT_OPTIMIZATION_LEVEL = "-Onone";
			};
			name = Debug;
		};
		5054D53C2A04AE0100D41BFC /* Release */ = {
			isa = XCBuildConfiguration;
			buildSettings = {
				ALWAYS_SEARCH_USER_PATHS = NO;
				CLANG_ANALYZER_NONNULL = YES;
				CLANG_ANALYZER_NUMBER_OBJECT_CONVERSION = YES_AGGRESSIVE;
				CLANG_CXX_LANGUAGE_STANDARD = "gnu++20";
				CLANG_ENABLE_MODULES = YES;
				CLANG_ENABLE_OBJC_ARC = YES;
				CLANG_ENABLE_OBJC_WEAK = YES;
				CLANG_WARN_BLOCK_CAPTURE_AUTORELEASING = YES;
				CLANG_WARN_BOOL_CONVERSION = YES;
				CLANG_WARN_COMMA = YES;
				CLANG_WARN_CONSTANT_CONVERSION = YES;
				CLANG_WARN_DEPRECATED_OBJC_IMPLEMENTATIONS = YES;
				CLANG_WARN_DIRECT_OBJC_ISA_USAGE = YES_ERROR;
				CLANG_WARN_DOCUMENTATION_COMMENTS = YES;
				CLANG_WARN_EMPTY_BODY = YES;
				CLANG_WARN_ENUM_CONVERSION = YES;
				CLANG_WARN_INFINITE_RECURSION = YES;
				CLANG_WARN_INT_CONVERSION = YES;
				CLANG_WARN_NON_LITERAL_NULL_CONVERSION = YES;
				CLANG_WARN_OBJC_IMPLICIT_RETAIN_SELF = YES;
				CLANG_WARN_OBJC_LITERAL_CONVERSION = YES;
				CLANG_WARN_OBJC_ROOT_CLASS = YES_ERROR;
				CLANG_WARN_QUOTED_INCLUDE_IN_FRAMEWORK_HEADER = YES;
				CLANG_WARN_RANGE_LOOP_ANALYSIS = YES;
				CLANG_WARN_STRICT_PROTOTYPES = YES;
				CLANG_WARN_SUSPICIOUS_MOVE = YES;
				CLANG_WARN_UNGUARDED_AVAILABILITY = YES_AGGRESSIVE;
				CLANG_WARN_UNREACHABLE_CODE = YES;
				CLANG_WARN__DUPLICATE_METHOD_MATCH = YES;
				COPY_PHASE_STRIP = NO;
				DEBUG_INFORMATION_FORMAT = "dwarf-with-dsym";
				ENABLE_NS_ASSERTIONS = NO;
				ENABLE_STRICT_OBJC_MSGSEND = YES;
				GCC_C_LANGUAGE_STANDARD = gnu11;
				GCC_NO_COMMON_BLOCKS = YES;
				GCC_WARN_64_TO_32_BIT_CONVERSION = YES;
				GCC_WARN_ABOUT_RETURN_TYPE = YES_ERROR;
				GCC_WARN_UNDECLARED_SELECTOR = YES;
				GCC_WARN_UNINITIALIZED_AUTOS = YES_AGGRESSIVE;
				GCC_WARN_UNUSED_FUNCTION = YES;
				GCC_WARN_UNUSED_VARIABLE = YES;
				IPHONEOS_DEPLOYMENT_TARGET = 16.4;
				MTL_ENABLE_DEBUG_INFO = NO;
				MTL_FAST_MATH = YES;
				SDKROOT = iphoneos;
				SWIFT_COMPILATION_MODE = wholemodule;
				SWIFT_OPTIMIZATION_LEVEL = "-O";
				VALIDATE_PRODUCT = YES;
			};
			name = Release;
		};
		5054D53E2A04AE0100D41BFC /* Debug */ = {
			isa = XCBuildConfiguration;
			buildSettings = {
				ASSETCATALOG_COMPILER_APPICON_NAME = AppIcon;
				ASSETCATALOG_COMPILER_GLOBAL_ACCENT_COLOR_NAME = AccentColor;
				CODE_SIGN_STYLE = Automatic;
				CURRENT_PROJECT_VERSION = 1;
				DEVELOPMENT_ASSET_PATHS = "\"Recreation center/Preview Content\"";
				DEVELOPMENT_TEAM = 53J92LZ5NM;
				ENABLE_PREVIEWS = YES;
				GENERATE_INFOPLIST_FILE = YES;
				INFOPLIST_FILE = "Recreation-center-Info.plist";
				INFOPLIST_KEY_NSLocationWhenInUseUsageDescription = "You location determination is used app Recreation center";
				INFOPLIST_KEY_UIApplicationSceneManifest_Generation = YES;
				INFOPLIST_KEY_UIApplicationSupportsIndirectInputEvents = YES;
				INFOPLIST_KEY_UILaunchScreen_Generation = YES;
				INFOPLIST_KEY_UISupportedInterfaceOrientations_iPad = "UIInterfaceOrientationPortrait UIInterfaceOrientationPortraitUpsideDown UIInterfaceOrientationLandscapeLeft UIInterfaceOrientationLandscapeRight";
				INFOPLIST_KEY_UISupportedInterfaceOrientations_iPhone = "UIInterfaceOrientationPortrait UIInterfaceOrientationLandscapeLeft UIInterfaceOrientationLandscapeRight";
				LD_RUNPATH_SEARCH_PATHS = (
					"$(inherited)",
					"@executable_path/Frameworks",
				);
				MARKETING_VERSION = 1.0;
				PRODUCT_BUNDLE_IDENTIFIER = "KosyakovAlexander.Recreation-center";
				PRODUCT_NAME = "$(TARGET_NAME)";
				SWIFT_EMIT_LOC_STRINGS = YES;
				SWIFT_VERSION = 5.0;
				TARGETED_DEVICE_FAMILY = "1,2";
			};
			name = Debug;
		};
		5054D53F2A04AE0100D41BFC /* Release */ = {
			isa = XCBuildConfiguration;
			buildSettings = {
				ASSETCATALOG_COMPILER_APPICON_NAME = AppIcon;
				ASSETCATALOG_COMPILER_GLOBAL_ACCENT_COLOR_NAME = AccentColor;
				CODE_SIGN_STYLE = Automatic;
				CURRENT_PROJECT_VERSION = 1;
				DEVELOPMENT_ASSET_PATHS = "\"Recreation center/Preview Content\"";
				DEVELOPMENT_TEAM = 53J92LZ5NM;
				ENABLE_PREVIEWS = YES;
				GENERATE_INFOPLIST_FILE = YES;
				INFOPLIST_FILE = "Recreation-center-Info.plist";
				INFOPLIST_KEY_NSLocationWhenInUseUsageDescription = "You location determination is used app Recreation center";
				INFOPLIST_KEY_UIApplicationSceneManifest_Generation = YES;
				INFOPLIST_KEY_UIApplicationSupportsIndirectInputEvents = YES;
				INFOPLIST_KEY_UILaunchScreen_Generation = YES;
				INFOPLIST_KEY_UISupportedInterfaceOrientations_iPad = "UIInterfaceOrientationPortrait UIInterfaceOrientationPortraitUpsideDown UIInterfaceOrientationLandscapeLeft UIInterfaceOrientationLandscapeRight";
				INFOPLIST_KEY_UISupportedInterfaceOrientations_iPhone = "UIInterfaceOrientationPortrait UIInterfaceOrientationLandscapeLeft UIInterfaceOrientationLandscapeRight";
				LD_RUNPATH_SEARCH_PATHS = (
					"$(inherited)",
					"@executable_path/Frameworks",
				);
				MARKETING_VERSION = 1.0;
				PRODUCT_BUNDLE_IDENTIFIER = "KosyakovAlexander.Recreation-center";
				PRODUCT_NAME = "$(TARGET_NAME)";
				SWIFT_EMIT_LOC_STRINGS = YES;
				SWIFT_VERSION = 5.0;
				TARGETED_DEVICE_FAMILY = "1,2";
			};
			name = Release;
		};
/* End XCBuildConfiguration section */

/* Begin XCConfigurationList section */
		5054D52A2A04AE0000D41BFC /* Build configuration list for PBXProject "Recreation center" */ = {
			isa = XCConfigurationList;
			buildConfigurations = (
				5054D53B2A04AE0100D41BFC /* Debug */,
				5054D53C2A04AE0100D41BFC /* Release */,
			);
			defaultConfigurationIsVisible = 0;
			defaultConfigurationName = Release;
		};
		5054D53D2A04AE0100D41BFC /* Build configuration list for PBXNativeTarget "Recreation center" */ = {
			isa = XCConfigurationList;
			buildConfigurations = (
				5054D53E2A04AE0100D41BFC /* Debug */,
				5054D53F2A04AE0100D41BFC /* Release */,
			);
			defaultConfigurationIsVisible = 0;
			defaultConfigurationName = Release;
		};
/* End XCConfigurationList section */
	};
	rootObject = 5054D5272A04AE0000D41BFC /* Project object */;
}
